
Microsoft Visual Studio Solution File, Format Version 12.00
# Visual Studio 2012
Project("{FAE04EC0-301F-11D3-BF4B-00C04F79EFBC}") = "PhoneWordMVVM.Core", "PhoneWordMVVM.Core\PhoneWordMVVM.Core.csproj", "{C6AADD57-3530-4012-BCB7-4A620724214B}"
EndProject
Project("{FAE04EC0-301F-11D3-BF4B-00C04F79EFBC}") = "PhoneWordMVVM.Droid", "PhoneWordMVVM.Droid\PhoneWordMVVM.Droid.csproj", "{0587204D-C34A-45A9-89B1-C9328AA6D463}"
EndProject
Project("{FAE04EC0-301F-11D3-BF4B-00C04F79EFBC}") = "PhoneWordMVVM.iOS", "PhoneWordMVVM.iOS\PhoneWordMVVM.iOS.csproj", "{6BF1C721-0B70-4D38-9069-F1EEAACD1A8E}"
EndProject
Global
	GlobalSection(SolutionConfigurationPlatforms) = preSolution
		Ad-Hoc|Any CPU = Ad-Hoc|Any CPU
		Ad-Hoc|iPhone = Ad-Hoc|iPhone
		Ad-Hoc|iPhoneSimulator = Ad-Hoc|iPhoneSimulator
		Ad-Hoc|Mixed Platforms = Ad-Hoc|Mixed Platforms
		AppStore|Any CPU = AppStore|Any CPU
		AppStore|iPhone = AppStore|iPhone
		AppStore|iPhoneSimulator = AppStore|iPhoneSimulator
		AppStore|Mixed Platforms = AppStore|Mixed Platforms
		Debug|Any CPU = Debug|Any CPU
		Debug|iPhone = Debug|iPhone
		Debug|iPhoneSimulator = Debug|iPhoneSimulator
		Debug|Mixed Platforms = Debug|Mixed Platforms
		Release|Any CPU = Release|Any CPU
		Release|iPhone = Release|iPhone
		Release|iPhoneSimulator = Release|iPhoneSimulator
		Release|Mixed Platforms = Release|Mixed Platforms
	EndGlobalSection
	GlobalSection(ProjectConfigurationPlatforms) = postSolution
		{C6AADD57-3530-4012-BCB7-4A620724214B}.Ad-Hoc|Any CPU.ActiveCfg = Release|Any CPU
		{C6AADD57-3530-4012-BCB7-4A620724214B}.Ad-Hoc|Any CPU.Build.0 = Release|Any CPU
		{C6AADD57-3530-4012-BCB7-4A620724214B}.Ad-Hoc|iPhone.ActiveCfg = Release|Any CPU
		{C6AADD57-3530-4012-BCB7-4A620724214B}.Ad-Hoc|iPhoneSimulator.ActiveCfg = Release|Any CPU
		{C6AADD57-3530-4012-BCB7-4A620724214B}.Ad-Hoc|Mixed Platforms.ActiveCfg = Release|Any CPU
		{C6AADD57-3530-4012-BCB7-4A620724214B}.Ad-Hoc|Mixed Platforms.Build.0 = Release|Any CPU
		{C6AADD57-3530-4012-BCB7-4A620724214B}.AppStore|Any CPU.ActiveCfg = Release|Any CPU
		{C6AADD57-3530-4012-BCB7-4A620724214B}.AppStore|Any CPU.Build.0 = Release|Any CPU
		{C6AADD57-3530-4012-BCB7-4A620724214B}.AppStore|iPhone.ActiveCfg = Release|Any CPU
		{C6AADD57-3530-4012-BCB7-4A620724214B}.AppStore|iPhoneSimulator.ActiveCfg = Release|Any CPU
		{C6AADD57-3530-4012-BCB7-4A620724214B}.AppStore|Mixed Platforms.ActiveCfg = Release|Any CPU
		{C6AADD57-3530-4012-BCB7-4A620724214B}.AppStore|Mixed Platforms.Build.0 = Release|Any CPU
		{C6AADD57-3530-4012-BCB7-4A620724214B}.Debug|Any CPU.ActiveCfg = Debug|Any CPU
		{C6AADD57-3530-4012-BCB7-4A620724214B}.Debug|Any CPU.Build.0 = Debug|Any CPU
		{C6AADD57-3530-4012-BCB7-4A620724214B}.Debug|iPhone.ActiveCfg = Debug|Any CPU
		{C6AADD57-3530-4012-BCB7-4A620724214B}.Debug|iPhoneSimulator.ActiveCfg = Debug|Any CPU
		{C6AADD57-3530-4012-BCB7-4A620724214B}.Debug|Mixed Platforms.ActiveCfg = Debug|Any CPU
		{C6AADD57-3530-4012-BCB7-4A620724214B}.Debug|Mixed Platforms.Build.0 = Debug|Any CPU
		{C6AADD57-3530-4012-BCB7-4A620724214B}.Release|Any CPU.ActiveCfg = Release|Any CPU
		{C6AADD57-3530-4012-BCB7-4A620724214B}.Release|Any CPU.Build.0 = Release|Any CPU
		{C6AADD57-3530-4012-BCB7-4A620724214B}.Release|iPhone.ActiveCfg = Release|Any CPU
		{C6AADD57-3530-4012-BCB7-4A620724214B}.Release|iPhoneSimulator.ActiveCfg = Release|Any CPU
		{C6AADD57-3530-4012-BCB7-4A620724214B}.Release|Mixed Platforms.ActiveCfg = Release|Any CPU
		{C6AADD57-3530-4012-BCB7-4A620724214B}.Release|Mixed Platforms.Build.0 = Release|Any CPU
		{0587204D-C34A-45A9-89B1-C9328AA6D463}.Ad-Hoc|Any CPU.ActiveCfg = Release|Any CPU
		{0587204D-C34A-45A9-89B1-C9328AA6D463}.Ad-Hoc|Any CPU.Build.0 = Release|Any CPU
		{0587204D-C34A-45A9-89B1-C9328AA6D463}.Ad-Hoc|Any CPU.Deploy.0 = Release|Any CPU
		{0587204D-C34A-45A9-89B1-C9328AA6D463}.Ad-Hoc|iPhone.ActiveCfg = Release|Any CPU
		{0587204D-C34A-45A9-89B1-C9328AA6D463}.Ad-Hoc|iPhoneSimulator.ActiveCfg = Release|Any CPU
		{0587204D-C34A-45A9-89B1-C9328AA6D463}.Ad-Hoc|Mixed Platforms.ActiveCfg = Release|Any CPU
		{0587204D-C34A-45A9-89B1-C9328AA6D463}.Ad-Hoc|Mixed Platforms.Build.0 = Release|Any CPU
		{0587204D-C34A-45A9-89B1-C9328AA6D463}.Ad-Hoc|Mixed Platforms.Deploy.0 = Release|Any CPU
		{0587204D-C34A-45A9-89B1-C9328AA6D463}.AppStore|Any CPU.ActiveCfg = Release|Any CPU
		{0587204D-C34A-45A9-89B1-C9328AA6D463}.AppStore|Any CPU.Build.0 = Release|Any CPU
		{0587204D-C34A-45A9-89B1-C9328AA6D463}.AppStore|Any CPU.Deploy.0 = Release|Any CPU
		{0587204D-C34A-45A9-89B1-C9328AA6D463}.AppStore|iPhone.ActiveCfg = Release|Any CPU
		{0587204D-C34A-45A9-89B1-C9328AA6D463}.AppStore|iPhoneSimulator.ActiveCfg = Release|Any CPU
		{0587204D-C34A-45A9-89B1-C9328AA6D463}.AppStore|Mixed Platforms.ActiveCfg = Release|Any CPU
		{0587204D-C34A-45A9-89B1-C9328AA6D463}.AppStore|Mixed Platforms.Build.0 = Release|Any CPU
		{0587204D-C34A-45A9-89B1-C9328AA6D463}.AppStore|Mixed Platforms.Deploy.0 = Release|Any CPU
		{0587204D-C34A-45A9-89B1-C9328AA6D463}.Debug|Any CPU.ActiveCfg = Debug|Any CPU
		{0587204D-C34A-45A9-89B1-C9328AA6D463}.Debug|Any CPU.Build.0 = Debug|Any CPU
		{0587204D-C34A-45A9-89B1-C9328AA6D463}.Debug|Any CPU.Deploy.0 = Debug|Any CPU
		{0587204D-C34A-45A9-89B1-C9328AA6D463}.Debug|iPhone.ActiveCfg = Debug|Any CPU
		{0587204D-C34A-45A9-89B1-C9328AA6D463}.Debug|iPhoneSimulator.ActiveCfg = Debug|Any CPU
		{0587204D-C34A-45A9-89B1-C9328AA6D463}.Debug|Mixed Platforms.ActiveCfg = Debug|Any CPU
		{0587204D-C34A-45A9-89B1-C9328AA6D463}.Debug|Mixed Platforms.Build.0 = Debug|Any CPU
		{0587204D-C34A-45A9-89B1-C9328AA6D463}.Debug|Mixed Platforms.Deploy.0 = Debug|Any CPU
		{0587204D-C34A-45A9-89B1-C9328AA6D463}.Release|Any CPU.ActiveCfg = Release|Any CPU
		{0587204D-C34A-45A9-89B1-C9328AA6D463}.Release|Any CPU.Build.0 = Release|Any CPU
		{0587204D-C34A-45A9-89B1-C9328AA6D463}.Release|Any CPU.Deploy.0 = Release|Any CPU
		{0587204D-C34A-45A9-89B1-C9328AA6D463}.Release|iPhone.ActiveCfg = Release|Any CPU
		{0587204D-C34A-45A9-89B1-C9328AA6D463}.Release|iPhoneSimulator.ActiveCfg = Release|Any CPU
		{0587204D-C34A-45A9-89B1-C9328AA6D463}.Release|Mixed Platforms.ActiveCfg = Release|Any CPU
		{0587204D-C34A-45A9-89B1-C9328AA6D463}.Release|Mixed Platforms.Build.0 = Release|Any CPU
		{0587204D-C34A-45A9-89B1-C9328AA6D463}.Release|Mixed Platforms.Deploy.0 = Release|Any CPU
		{6BF1C721-0B70-4D38-9069-F1EEAACD1A8E}.Ad-Hoc|Any CPU.ActiveCfg = Ad-Hoc|iPhone
		{6BF1C721-0B70-4D38-9069-F1EEAACD1A8E}.Ad-Hoc|iPhone.ActiveCfg = Ad-Hoc|iPhone
		{6BF1C721-0B70-4D38-9069-F1EEAACD1A8E}.Ad-Hoc|iPhone.Build.0 = Ad-Hoc|iPhone
		{6BF1C721-0B70-4D38-9069-F1EEAACD1A8E}.Ad-Hoc|iPhone.Deploy.0 = Ad-Hoc|iPhone
		{6BF1C721-0B70-4D38-9069-F1EEAACD1A8E}.Ad-Hoc|iPhoneSimulator.ActiveCfg = Ad-Hoc|iPhoneSimulator
		{6BF1C721-0B70-4D38-9069-F1EEAACD1A8E}.Ad-Hoc|iPhoneSimulator.Build.0 = Ad-Hoc|iPhoneSimulator
		{6BF1C721-0B70-4D38-9069-F1EEAACD1A8E}.Ad-Hoc|iPhoneSimulator.Deploy.0 = Ad-Hoc|iPhoneSimulator
		{6BF1C721-0B70-4D38-9069-F1EEAACD1A8E}.Ad-Hoc|Mixed Platforms.ActiveCfg = Ad-Hoc|iPhone
		{6BF1C721-0B70-4D38-9069-F1EEAACD1A8E}.Ad-Hoc|Mixed Platforms.Build.0 = Ad-Hoc|iPhone
		{6BF1C721-0B70-4D38-9069-F1EEAACD1A8E}.Ad-Hoc|Mixed Platforms.Deploy.0 = Ad-Hoc|iPhone
		{6BF1C721-0B70-4D38-9069-F1EEAACD1A8E}.AppStore|Any CPU.ActiveCfg = AppStore|iPhone
		{6BF1C721-0B70-4D38-9069-F1EEAACD1A8E}.AppStore|iPhone.ActiveCfg = AppStore|iPhone
		{6BF1C721-0B70-4D38-9069-F1EEAACD1A8E}.AppStore|iPhone.Build.0 = AppStore|iPhone
		{6BF1C721-0B70-4D38-9069-F1EEAACD1A8E}.AppStore|iPhone.Deploy.0 = AppStore|iPhone
		{6BF1C721-0B70-4D38-9069-F1EEAACD1A8E}.AppStore|iPhoneSimulator.ActiveCfg = AppStore|iPhoneSimulator
		{6BF1C721-0B70-4D38-9069-F1EEAACD1A8E}.AppStore|iPhoneSimulator.Build.0 = AppStore|iPhoneSimulator
		{6BF1C721-0B70-4D38-9069-F1EEAACD1A8E}.AppStore|iPhoneSimulator.Deploy.0 = AppStore|iPhoneSimulator
		{6BF1C721-0B70-4D38-9069-F1EEAACD1A8E}.AppStore|Mixed Platforms.ActiveCfg = AppStore|iPhone
		{6BF1C721-0B70-4D38-9069-F1EEAACD1A8E}.AppStore|Mixed Platforms.Build.0 = AppStore|iPhone
		{6BF1C721-0B70-4D38-9069-F1EEAACD1A8E}.AppStore|Mixed Platforms.Deploy.0 = AppStore|iPhone
		{6BF1C721-0B70-4D38-9069-F1EEAACD1A8E}.Debug|Any CPU.ActiveCfg = Debug|iPhone
		{6BF1C721-0B70-4D38-9069-F1EEAACD1A8E}.Debug|iPhone.ActiveCfg = Debug|iPhone
		{6BF1C721-0B70-4D38-9069-F1EEAACD1A8E}.Debug|iPhone.Build.0 = Debug|iPhone
		{6BF1C721-0B70-4D38-9069-F1EEAACD1A8E}.Debug|iPhone.Deploy.0 = Debug|iPhone
		{6BF1C721-0B70-4D38-9069-F1EEAACD1A8E}.Debug|iPhoneSimulator.ActiveCfg = Debug|iPhoneSimulator
		{6BF1C721-0B70-4D38-9069-F1EEAACD1A8E}.Debug|iPhoneSimulator.Build.0 = Debug|iPhoneSimulator
		{6BF1C721-0B70-4D38-9069-F1EEAACD1A8E}.Debug|iPhoneSimulator.Deploy.0 = Debug|iPhoneSimulator
		{6BF1C721-0B70-4D38-9069-F1EEAACD1A8E}.Debug|Mixed Platforms.ActiveCfg = Debug|iPhone
		{6BF1C721-0B70-4D38-9069-F1EEAACD1A8E}.Debug|Mixed Platforms.Build.0 = Debug|iPhone
		{6BF1C721-0B70-4D38-9069-F1EEAACD1A8E}.Debug|Mixed Platforms.Deploy.0 = Debug|iPhone
		{6BF1C721-0B70-4D38-9069-F1EEAACD1A8E}.Release|Any CPU.ActiveCfg = Release|iPhone
		{6BF1C721-0B70-4D38-9069-F1EEAACD1A8E}.Release|iPhone.ActiveCfg = Release|iPhone
		{6BF1C721-0B70-4D38-9069-F1EEAACD1A8E}.Release|iPhone.Build.0 = Release|iPhone
		{6BF1C721-0B70-4D38-9069-F1EEAACD1A8E}.Release|iPhone.Deploy.0 = Release|iPhone
		{6BF1C721-0B70-4D38-9069-F1EEAACD1A8E}.Release|iPhoneSimulator.ActiveCfg = Release|iPhoneSimulator
		{6BF1C721-0B70-4D38-9069-F1EEAACD1A8E}.Release|iPhoneSimulator.Build.0 = Release|iPhoneSimulator
		{6BF1C721-0B70-4D38-9069-F1EEAACD1A8E}.Release|iPhoneSimulator.Deploy.0 = Release|iPhoneSimulator
		{6BF1C721-0B70-4D38-9069-F1EEAACD1A8E}.Release|Mixed Platforms.ActiveCfg = Release|iPhone
		{6BF1C721-0B70-4D38-9069-F1EEAACD1A8E}.Release|Mixed Platforms.Build.0 = Release|iPhone
		{6BF1C721-0B70-4D38-9069-F1EEAACD1A8E}.Release|Mixed Platforms.Deploy.0 = Release|iPhone
	EndGlobalSection
	GlobalSection(SolutionProperties) = preSolution
		HideSolutionNode = FALSE
	EndGlobalSection
EndGlobal
